
Microsoft Visual Studio Solution File, Format Version 12.00
# Visual Studio Version 17
VisualStudioVersion = 17.13.35931.197
MinimumVisualStudioVersion = 10.0.40219.1
Project("{FAE04EC0-301F-11D3-BF4B-00C04F79EFBC}") = "PortalDGC.BusinessLogic", "src\PortalDGC.BusinessLogic\PortalDGC.BusinessLogic.csproj", "{7E3B430A-5167-4657-A057-BE60299AD1D8}"
EndProject
Project("{FAE04EC0-301F-11D3-BF4B-00C04F79EFBC}") = "PortalDGC.DataAccess", "src\PortalDGC.DataAccess\PortalDGC.DataAccess.csproj", "{758FF978-2687-4677-9B9E-BD8623838E54}"
EndProject
Project("{FAE04EC0-301F-11D3-BF4B-00C04F79EFBC}") = "PortalDGC.Domain", "src\PortalDGC.Domain\PortalDGC.Domain.csproj", "{F42E60A9-AE1A-43D6-AF76-AFF0FC0EDB86}"
EndProject
Project("{FAE04EC0-301F-11D3-BF4B-00C04F79EFBC}") = "PortalDGC.BusinessLogic.Interfaces", "src\PortalDGC.BusinessLogic.Interfaces\PortalDGC.BusinessLogic.Interfaces.csproj", "{763BE9EC-50E3-44E5-9683-11956053A182}"
EndProject
Project("{FAE04EC0-301F-11D3-BF4B-00C04F79EFBC}") = "PortalDGC.DataAccess.Interfaces", "src\PortalDGC.DataAccess.Interfaces\PortalDGC.DataAccess.Interfaces.csproj", "{9EECEF94-67FE-4D36-8D5C-28379869DBFF}"
EndProject
Project("{FAE04EC0-301F-11D3-BF4B-00C04F79EFBC}") = "PortalDGC.Dtos", "src\PortalDGC.Dtos\PortalDGC.Dtos.csproj", "{D7362DC4-17F8-49F1-9297-F3B0A220279F}"
EndProject
Project("{FAE04EC0-301F-11D3-BF4B-00C04F79EFBC}") = "PortalDGC.WebApi", "src\PortalDGC.WebApi\PortalDGC.WebApi.csproj", "{65D9F704-C34F-4DE3-9933-BD3F55382706}"
EndProject
Project("{2150E333-8FDC-42A3-9474-1A3956D46DE8}") = "test", "test", "{0C88DD14-F956-CE84-757C-A364CCF449FC}"
EndProject
Project("{FAE04EC0-301F-11D3-BF4B-00C04F79EFBC}") = "PortalDGC.Tests", "test\PortalDGC.Tests\PortalDGC.Tests.csproj", "{3411D02D-D6F3-4715-A9E1-37B6EEA1807E}"
EndProject
Project("{2150E333-8FDC-42A3-9474-1A3956D46DE8}") = "src", "src", "{02EA681E-C7D8-13C7-8484-4AC65E1B71E8}"
EndProject
Global
	GlobalSection(SolutionConfigurationPlatforms) = preSolution
		Debug|Any CPU = Debug|Any CPU
		Debug|x64 = Debug|x64
		Debug|x86 = Debug|x86
		Release|Any CPU = Release|Any CPU
		Release|x64 = Release|x64
		Release|x86 = Release|x86
	EndGlobalSection
	GlobalSection(ProjectConfigurationPlatforms) = postSolution
		{7E3B430A-5167-4657-A057-BE60299AD1D8}.Debug|Any CPU.ActiveCfg = Debug|Any CPU
		{7E3B430A-5167-4657-A057-BE60299AD1D8}.Debug|Any CPU.Build.0 = Debug|Any CPU
		{7E3B430A-5167-4657-A057-BE60299AD1D8}.Debug|x64.ActiveCfg = Debug|Any CPU
		{7E3B430A-5167-4657-A057-BE60299AD1D8}.Debug|x64.Build.0 = Debug|Any CPU
		{7E3B430A-5167-4657-A057-BE60299AD1D8}.Debug|x86.ActiveCfg = Debug|Any CPU
		{7E3B430A-5167-4657-A057-BE60299AD1D8}.Debug|x86.Build.0 = Debug|Any CPU
		{7E3B430A-5167-4657-A057-BE60299AD1D8}.Release|Any CPU.ActiveCfg = Release|Any CPU
		{7E3B430A-5167-4657-A057-BE60299AD1D8}.Release|Any CPU.Build.0 = Release|Any CPU
		{7E3B430A-5167-4657-A057-BE60299AD1D8}.Release|x64.ActiveCfg = Release|Any CPU
		{7E3B430A-5167-4657-A057-BE60299AD1D8}.Release|x64.Build.0 = Release|Any CPU
		{7E3B430A-5167-4657-A057-BE60299AD1D8}.Release|x86.ActiveCfg = Release|Any CPU
		{7E3B430A-5167-4657-A057-BE60299AD1D8}.Release|x86.Build.0 = Release|Any CPU
		{758FF978-2687-4677-9B9E-BD8623838E54}.Debug|Any CPU.ActiveCfg = Debug|Any CPU
		{758FF978-2687-4677-9B9E-BD8623838E54}.Debug|Any CPU.Build.0 = Debug|Any CPU
		{758FF978-2687-4677-9B9E-BD8623838E54}.Debug|x64.ActiveCfg = Debug|Any CPU
		{758FF978-2687-4677-9B9E-BD8623838E54}.Debug|x64.Build.0 = Debug|Any CPU
		{758FF978-2687-4677-9B9E-BD8623838E54}.Debug|x86.ActiveCfg = Debug|Any CPU
		{758FF978-2687-4677-9B9E-BD8623838E54}.Debug|x86.Build.0 = Debug|Any CPU
		{758FF978-2687-4677-9B9E-BD8623838E54}.Release|Any CPU.ActiveCfg = Release|Any CPU
		{758FF978-2687-4677-9B9E-BD8623838E54}.Release|Any CPU.Build.0 = Release|Any CPU
		{758FF978-2687-4677-9B9E-BD8623838E54}.Release|x64.ActiveCfg = Release|Any CPU
		{758FF978-2687-4677-9B9E-BD8623838E54}.Release|x64.Build.0 = Release|Any CPU
		{758FF978-2687-4677-9B9E-BD8623838E54}.Release|x86.ActiveCfg = Release|Any CPU
		{758FF978-2687-4677-9B9E-BD8623838E54}.Release|x86.Build.0 = Release|Any CPU
		{F42E60A9-AE1A-43D6-AF76-AFF0FC0EDB86}.Debug|Any CPU.ActiveCfg = Debug|Any CPU
		{F42E60A9-AE1A-43D6-AF76-AFF0FC0EDB86}.Debug|Any CPU.Build.0 = Debug|Any CPU
		{F42E60A9-AE1A-43D6-AF76-AFF0FC0EDB86}.Debug|x64.ActiveCfg = Debug|Any CPU
		{F42E60A9-AE1A-43D6-AF76-AFF0FC0EDB86}.Debug|x64.Build.0 = Debug|Any CPU
		{F42E60A9-AE1A-43D6-AF76-AFF0FC0EDB86}.Debug|x86.ActiveCfg = Debug|Any CPU
		{F42E60A9-AE1A-43D6-AF76-AFF0FC0EDB86}.Debug|x86.Build.0 = Debug|Any CPU
		{F42E60A9-AE1A-43D6-AF76-AFF0FC0EDB86}.Release|Any CPU.ActiveCfg = Release|Any CPU
		{F42E60A9-AE1A-43D6-AF76-AFF0FC0EDB86}.Release|Any CPU.Build.0 = Release|Any CPU
		{F42E60A9-AE1A-43D6-AF76-AFF0FC0EDB86}.Release|x64.ActiveCfg = Release|Any CPU
		{F42E60A9-AE1A-43D6-AF76-AFF0FC0EDB86}.Release|x64.Build.0 = Release|Any CPU
		{F42E60A9-AE1A-43D6-AF76-AFF0FC0EDB86}.Release|x86.ActiveCfg = Release|Any CPU
		{F42E60A9-AE1A-43D6-AF76-AFF0FC0EDB86}.Release|x86.Build.0 = Release|Any CPU
		{763BE9EC-50E3-44E5-9683-11956053A182}.Debug|Any CPU.ActiveCfg = Debug|Any CPU
		{763BE9EC-50E3-44E5-9683-11956053A182}.Debug|Any CPU.Build.0 = Debug|Any CPU
		{763BE9EC-50E3-44E5-9683-11956053A182}.Debug|x64.ActiveCfg = Debug|Any CPU
		{763BE9EC-50E3-44E5-9683-11956053A182}.Debug|x64.Build.0 = Debug|Any CPU
		{763BE9EC-50E3-44E5-9683-11956053A182}.Debug|x86.ActiveCfg = Debug|Any CPU
		{763BE9EC-50E3-44E5-9683-11956053A182}.Debug|x86.Build.0 = Debug|Any CPU
		{763BE9EC-50E3-44E5-9683-11956053A182}.Release|Any CPU.ActiveCfg = Release|Any CPU
		{763BE9EC-50E3-44E5-9683-11956053A182}.Release|Any CPU.Build.0 = Release|Any CPU
		{763BE9EC-50E3-44E5-9683-11956053A182}.Release|x64.ActiveCfg = Release|Any CPU
		{763BE9EC-50E3-44E5-9683-11956053A182}.Release|x64.Build.0 = Release|Any CPU
		{763BE9EC-50E3-44E5-9683-11956053A182}.Release|x86.ActiveCfg = Release|Any CPU
		{763BE9EC-50E3-44E5-9683-11956053A182}.Release|x86.Build.0 = Release|Any CPU
		{9EECEF94-67FE-4D36-8D5C-28379869DBFF}.Debug|Any CPU.ActiveCfg = Debug|Any CPU
		{9EECEF94-67FE-4D36-8D5C-28379869DBFF}.Debug|Any CPU.Build.0 = Debug|Any CPU
		{9EECEF94-67FE-4D36-8D5C-28379869DBFF}.Debug|x64.ActiveCfg = Debug|Any CPU
		{9EECEF94-67FE-4D36-8D5C-28379869DBFF}.Debug|x64.Build.0 = Debug|Any CPU
		{9EECEF94-67FE-4D36-8D5C-28379869DBFF}.Debug|x86.ActiveCfg = Debug|Any CPU
		{9EECEF94-67FE-4D36-8D5C-28379869DBFF}.Debug|x86.Build.0 = Debug|Any CPU
		{9EECEF94-67FE-4D36-8D5C-28379869DBFF}.Release|Any CPU.ActiveCfg = Release|Any CPU
		{9EECEF94-67FE-4D36-8D5C-28379869DBFF}.Release|Any CPU.Build.0 = Release|Any CPU
		{9EECEF94-67FE-4D36-8D5C-28379869DBFF}.Release|x64.ActiveCfg = Release|Any CPU
		{9EECEF94-67FE-4D36-8D5C-28379869DBFF}.Release|x64.Build.0 = Release|Any CPU
		{9EECEF94-67FE-4D36-8D5C-28379869DBFF}.Release|x86.ActiveCfg = Release|Any CPU
		{9EECEF94-67FE-4D36-8D5C-28379869DBFF}.Release|x86.Build.0 = Release|Any CPU
		{D7362DC4-17F8-49F1-9297-F3B0A220279F}.Debug|Any CPU.ActiveCfg = Debug|Any CPU
		{D7362DC4-17F8-49F1-9297-F3B0A220279F}.Debug|Any CPU.Build.0 = Debug|Any CPU
		{D7362DC4-17F8-49F1-9297-F3B0A220279F}.Debug|x64.ActiveCfg = Debug|Any CPU
		{D7362DC4-17F8-49F1-9297-F3B0A220279F}.Debug|x64.Build.0 = Debug|Any CPU
		{D7362DC4-17F8-49F1-9297-F3B0A220279F}.Debug|x86.ActiveCfg = Debug|Any CPU
		{D7362DC4-17F8-49F1-9297-F3B0A220279F}.Debug|x86.Build.0 = Debug|Any CPU
		{D7362DC4-17F8-49F1-9297-F3B0A220279F}.Release|Any CPU.ActiveCfg = Release|Any CPU
		{D7362DC4-17F8-49F1-9297-F3B0A220279F}.Release|Any CPU.Build.0 = Release|Any CPU
		{D7362DC4-17F8-49F1-9297-F3B0A220279F}.Release|x64.ActiveCfg = Release|Any CPU
		{D7362DC4-17F8-49F1-9297-F3B0A220279F}.Release|x64.Build.0 = Release|Any CPU
		{D7362DC4-17F8-49F1-9297-F3B0A220279F}.Release|x86.ActiveCfg = Release|Any CPU
		{D7362DC4-17F8-49F1-9297-F3B0A220279F}.Release|x86.Build.0 = Release|Any CPU
		{65D9F704-C34F-4DE3-9933-BD3F55382706}.Debug|Any CPU.ActiveCfg = Debug|Any CPU
		{65D9F704-C34F-4DE3-9933-BD3F55382706}.Debug|Any CPU.Build.0 = Debug|Any CPU
		{65D9F704-C34F-4DE3-9933-BD3F55382706}.Debug|x64.ActiveCfg = Debug|Any CPU
		{65D9F704-C34F-4DE3-9933-BD3F55382706}.Debug|x64.Build.0 = Debug|Any CPU
		{65D9F704-C34F-4DE3-9933-BD3F55382706}.Debug|x86.ActiveCfg = Debug|Any CPU
		{65D9F704-C34F-4DE3-9933-BD3F55382706}.Debug|x86.Build.0 = Debug|Any CPU
		{65D9F704-C34F-4DE3-9933-BD3F55382706}.Release|Any CPU.ActiveCfg = Release|Any CPU
		{65D9F704-C34F-4DE3-9933-BD3F55382706}.Release|Any CPU.Build.0 = Release|Any CPU
		{65D9F704-C34F-4DE3-9933-BD3F55382706}.Release|x64.ActiveCfg = Release|Any CPU
		{65D9F704-C34F-4DE3-9933-BD3F55382706}.Release|x64.Build.0 = Release|Any CPU
		{65D9F704-C34F-4DE3-9933-BD3F55382706}.Release|x86.ActiveCfg = Release|Any CPU
		{65D9F704-C34F-4DE3-9933-BD3F55382706}.Release|x86.Build.0 = Release|Any CPU
		{3411D02D-D6F3-4715-A9E1-37B6EEA1807E}.Debug|Any CPU.ActiveCfg = Debug|Any CPU
		{3411D02D-D6F3-4715-A9E1-37B6EEA1807E}.Debug|Any CPU.Build.0 = Debug|Any CPU
		{3411D02D-D6F3-4715-A9E1-37B6EEA1807E}.Debug|x64.ActiveCfg = Debug|Any CPU
		{3411D02D-D6F3-4715-A9E1-37B6EEA1807E}.Debug|x64.Build.0 = Debug|Any CPU
		{3411D02D-D6F3-4715-A9E1-37B6EEA1807E}.Debug|x86.ActiveCfg = Debug|Any CPU
		{3411D02D-D6F3-4715-A9E1-37B6EEA1807E}.Debug|x86.Build.0 = Debug|Any CPU
		{3411D02D-D6F3-4715-A9E1-37B6EEA1807E}.Release|Any CPU.ActiveCfg = Release|Any CPU
		{3411D02D-D6F3-4715-A9E1-37B6EEA1807E}.Release|Any CPU.Build.0 = Release|Any CPU
		{3411D02D-D6F3-4715-A9E1-37B6EEA1807E}.Release|x64.ActiveCfg = Release|Any CPU
		{3411D02D-D6F3-4715-A9E1-37B6EEA1807E}.Release|x64.Build.0 = Release|Any CPU
		{3411D02D-D6F3-4715-A9E1-37B6EEA1807E}.Release|x86.ActiveCfg = Release|Any CPU
		{3411D02D-D6F3-4715-A9E1-37B6EEA1807E}.Release|x86.Build.0 = Release|Any CPU
	EndGlobalSection
	GlobalSection(SolutionProperties) = preSolution
		HideSolutionNode = FALSE
	EndGlobalSection
	GlobalSection(NestedProjects) = preSolution
		{7E3B430A-5167-4657-A057-BE60299AD1D8} = {02EA681E-C7D8-13C7-8484-4AC65E1B71E8}
		{758FF978-2687-4677-9B9E-BD8623838E54} = {02EA681E-C7D8-13C7-8484-4AC65E1B71E8}
		{F42E60A9-AE1A-43D6-AF76-AFF0FC0EDB86} = {02EA681E-C7D8-13C7-8484-4AC65E1B71E8}
		{763BE9EC-50E3-44E5-9683-11956053A182} = {02EA681E-C7D8-13C7-8484-4AC65E1B71E8}
		{9EECEF94-67FE-4D36-8D5C-28379869DBFF} = {02EA681E-C7D8-13C7-8484-4AC65E1B71E8}
		{D7362DC4-17F8-49F1-9297-F3B0A220279F} = {02EA681E-C7D8-13C7-8484-4AC65E1B71E8}
		{65D9F704-C34F-4DE3-9933-BD3F55382706} = {02EA681E-C7D8-13C7-8484-4AC65E1B71E8}
		{3411D02D-D6F3-4715-A9E1-37B6EEA1807E} = {0C88DD14-F956-CE84-757C-A364CCF449FC}
	EndGlobalSection
	GlobalSection(ExtensibilityGlobals) = postSolution
		SolutionGuid = {53282069-92A5-4D41-9A64-B0993E0539C0}
	EndGlobalSection
EndGlobal
